
Microsoft Visual Studio Solution File, Format Version 12.00
# Visual Studio Version 16
VisualStudioVersion = 16.0.33027.164
MinimumVisualStudioVersion = 10.0.40219.1
Project("{FAE04EC0-301F-11D3-BF4B-00C04F79EFBC}") = "Calculator", "Calculator.csproj", "{401EB584-5723-44DE-8379-A1B372017E65}"
EndProject
Global
	GlobalSection(SolutionConfigurationPlatforms) = preSolution
		Debug|Any CPU = Debug|Any CPU
		Release|Any CPU = Release|Any CPU
	EndGlobalSection
	GlobalSection(ProjectConfigurationPlatforms) = postSolution
		{401EB584-5723-44DE-8379-A1B372017E65}.Debug|Any CPU.ActiveCfg = Debug|Any CPU
		{401EB584-5723-44DE-8379-A1B372017E65}.Debug|Any CPU.Build.0 = Debug|Any CPU
		{401EB584-5723-44DE-8379-A1B372017E65}.Release|Any CPU.ActiveCfg = Release|Any CPU
		{401EB584-5723-44DE-8379-A1B372017E65}.Release|Any CPU.Build.0 = Release|Any CPU
	EndGlobalSection
	GlobalSection(SolutionProperties) = preSolution
		HideSolutionNode = FALSE
	EndGlobalSection
	GlobalSection(ExtensibilityGlobals) = postSolution
		SolutionGuid = {CDD7196A-AAD1-4160-80A0-0124A34839E4}
	EndGlobalSection
EndGlobal
